// !$*UTF8*$!
{
	archiveVersion = 1;
	classes = {
	};
	objectVersion = 50;
	objects = {

/* Begin PBXBuildFile section */
		1509AF232578FA5700E9ED40 /* NotificationCenter.m in Sources */ = {isa = PBXBuildFile; fileRef = 1509AF222578FA5700E9ED40 /* NotificationCenter.m */; };
		152A339E256BC7880047103D /* MapController.m in Sources */ = {isa = PBXBuildFile; fileRef = 152A339D256BC7880047103D /* MapController.m */; };
		152A33A1256BC7CC0047103D /* MapView.m in Sources */ = {isa = PBXBuildFile; fileRef = 152A33A0256BC7CC0047103D /* MapView.m */; };
		154F51962566914800FC1F33 /* NewsData.m in Sources */ = {isa = PBXBuildFile; fileRef = 154F51952566914800FC1F33 /* NewsData.m */; };
		154F519A2566921600FC1F33 /* NetworkService.m in Sources */ = {isa = PBXBuildFile; fileRef = 154F51992566921600FC1F33 /* NetworkService.m */; };
		154F519D256692D900FC1F33 /* PhotoService.m in Sources */ = {isa = PBXBuildFile; fileRef = 154F519C256692D900FC1F33 /* PhotoService.m */; };
		154F51A02566936F00FC1F33 /* NewsListController.m in Sources */ = {isa = PBXBuildFile; fileRef = 154F519F2566936F00FC1F33 /* NewsListController.m */; };
		154F51A3256693E000FC1F33 /* NewsListTableCell.m in Sources */ = {isa = PBXBuildFile; fileRef = 154F51A2256693E000FC1F33 /* NewsListTableCell.m */; };
		154F51A62566944200FC1F33 /* NewsView.m in Sources */ = {isa = PBXBuildFile; fileRef = 154F51A52566944200FC1F33 /* NewsView.m */; };
		154F51A92566954D00FC1F33 /* NewsDetailController.m in Sources */ = {isa = PBXBuildFile; fileRef = 154F51A82566954D00FC1F33 /* NewsDetailController.m */; };
		154F51AD256695E200FC1F33 /* News.m in Sources */ = {isa = PBXBuildFile; fileRef = 154F51AC256695E200FC1F33 /* News.m */; };
		154F51B02566963B00FC1F33 /* NewsDetailView.m in Sources */ = {isa = PBXBuildFile; fileRef = 154F51AF2566963B00FC1F33 /* NewsDetailView.m */; };
		15639D2F256FC4C9009D5193 /* CollectionViewController.m in Sources */ = {isa = PBXBuildFile; fileRef = 15639D2E256FC4C9009D5193 /* CollectionViewController.m */; };
		15639D32256FC52A009D5193 /* CollectionViewCell.m in Sources */ = {isa = PBXBuildFile; fileRef = 15639D31256FC52A009D5193 /* CollectionViewCell.m */; };
		15639D35256FC61E009D5193 /* SearchResultControllerTableViewController.m in Sources */ = {isa = PBXBuildFile; fileRef = 15639D34256FC61E009D5193 /* SearchResultControllerTableViewController.m */; };
		1583D662257508B50090D332 /* Favorites.xcdatamodeld in Sources */ = {isa = PBXBuildFile; fileRef = 1583D660257508B50090D332 /* Favorites.xcdatamodeld */; };
		1583D666257509F10090D332 /* CoreDataStack.m in Sources */ = {isa = PBXBuildFile; fileRef = 1583D665257509F10090D332 /* CoreDataStack.m */; };
		1583D66925750C050090D332 /* FavoriteNews+CoreDataProperties.m in Sources */ = {isa = PBXBuildFile; fileRef = 1583D66825750C050090D332 /* FavoriteNews+CoreDataProperties.m */; };
		1583D66C25750C4C0090D332 /* FavoriteNews+CoreDataClass.m in Sources */ = {isa = PBXBuildFile; fileRef = 1583D66B25750C4C0090D332 /* FavoriteNews+CoreDataClass.m */; };
		1585053F255D489D0041B7D3 /* airports.json in Resources */ = {isa = PBXBuildFile; fileRef = 1585053E255D489D0041B7D3 /* airports.json */; };
		15850541255D48A50041B7D3 /* cities.json in Resources */ = {isa = PBXBuildFile; fileRef = 15850540255D48A50041B7D3 /* cities.json */; };
		15850543255D48AC0041B7D3 /* countries.json in Resources */ = {isa = PBXBuildFile; fileRef = 15850542255D48AC0041B7D3 /* countries.json */; };
		15850546255D48FB0041B7D3 /* DataManager.m in Sources */ = {isa = PBXBuildFile; fileRef = 15850545255D48FB0041B7D3 /* DataManager.m */; };
		1585054A255D49720041B7D3 /* AirportListView.m in Sources */ = {isa = PBXBuildFile; fileRef = 15850549255D49720041B7D3 /* AirportListView.m */; };
		1585054D255D49C80041B7D3 /* AirportCell.m in Sources */ = {isa = PBXBuildFile; fileRef = 1585054C255D49C80041B7D3 /* AirportCell.m */; };
		15850551255D4A3A0041B7D3 /* AirportListController.m in Sources */ = {isa = PBXBuildFile; fileRef = 15850550255D4A3A0041B7D3 /* AirportListController.m */; };
		15850556255D4ADF0041B7D3 /* CityListView.m in Sources */ = {isa = PBXBuildFile; fileRef = 15850555255D4ADF0041B7D3 /* CityListView.m */; };
		15850559255D4B390041B7D3 /* CityListCell.m in Sources */ = {isa = PBXBuildFile; fileRef = 15850558255D4B390041B7D3 /* CityListCell.m */; };
		1585055D255D4B940041B7D3 /* CityListController.m in Sources */ = {isa = PBXBuildFile; fileRef = 1585055C255D4B940041B7D3 /* CityListController.m */; };
		15850562255D4CE20041B7D3 /* CountryListView.m in Sources */ = {isa = PBXBuildFile; fileRef = 15850561255D4CE20041B7D3 /* CountryListView.m */; };
		15850565255D4D360041B7D3 /* CountryListViewCell.m in Sources */ = {isa = PBXBuildFile; fileRef = 15850564255D4D360041B7D3 /* CountryListViewCell.m */; };
		15850569255D4D9F0041B7D3 /* CountryListController.m in Sources */ = {isa = PBXBuildFile; fileRef = 15850568255D4D9F0041B7D3 /* CountryListController.m */; };
		158D0043255D4461003264ED /* AppDelegate.m in Sources */ = {isa = PBXBuildFile; fileRef = 158D0042255D4461003264ED /* AppDelegate.m */; };
		158D0046255D4461003264ED /* SceneDelegate.m in Sources */ = {isa = PBXBuildFile; fileRef = 158D0045255D4461003264ED /* SceneDelegate.m */; };
		158D004E255D446B003264ED /* Assets.xcassets in Resources */ = {isa = PBXBuildFile; fileRef = 158D004D255D446B003264ED /* Assets.xcassets */; };
		158D0051255D446B003264ED /* LaunchScreen.storyboard in Resources */ = {isa = PBXBuildFile; fileRef = 158D004F255D446B003264ED /* LaunchScreen.storyboard */; };
		158D0054255D446B003264ED /* main.m in Sources */ = {isa = PBXBuildFile; fileRef = 158D0053255D446B003264ED /* main.m */; };
		158D005D255D45C3003264ED /* Country.m in Sources */ = {isa = PBXBuildFile; fileRef = 158D005C255D45C3003264ED /* Country.m */; };
		158D0060255D45FC003264ED /* City.m in Sources */ = {isa = PBXBuildFile; fileRef = 158D005F255D45FC003264ED /* City.m */; };
		158D0063255D4641003264ED /* Airport.m in Sources */ = {isa = PBXBuildFile; fileRef = 158D0062255D4641003264ED /* Airport.m */; };
/* End PBXBuildFile section */

/* Begin PBXFileReference section */
		1509AF202578FA4500E9ED40 /* NotificationCenter.h */ = {isa = PBXFileReference; lastKnownFileType = sourcecode.c.h; path = NotificationCenter.h; sourceTree = "<group>"; };
		1509AF222578FA5700E9ED40 /* NotificationCenter.m */ = {isa = PBXFileReference; lastKnownFileType = sourcecode.c.objc; path = NotificationCenter.m; sourceTree = "<group>"; };
		152A339C256BC75A0047103D /* MapController.h */ = {isa = PBXFileReference; lastKnownFileType = sourcecode.c.h; path = MapController.h; sourceTree = "<group>"; };
		152A339D256BC7880047103D /* MapController.m */ = {isa = PBXFileReference; lastKnownFileType = sourcecode.c.objc; path = MapController.m; sourceTree = "<group>"; };
		152A339F256BC7C20047103D /* MapView.h */ = {isa = PBXFileReference; lastKnownFileType = sourcecode.c.h; path = MapView.h; sourceTree = "<group>"; };
		152A33A0256BC7CC0047103D /* MapView.m */ = {isa = PBXFileReference; lastKnownFileType = sourcecode.c.objc; path = MapView.m; sourceTree = "<group>"; };
		154F51952566914800FC1F33 /* NewsData.m */ = {isa = PBXFileReference; lastKnownFileType = sourcecode.c.objc; path = NewsData.m; sourceTree = "<group>"; };
		154F51972566916100FC1F33 /* NewsData.h */ = {isa = PBXFileReference; lastKnownFileType = sourcecode.c.h; path = NewsData.h; sourceTree = "<group>"; };
		154F51982566920B00FC1F33 /* NetworkService.h */ = {isa = PBXFileReference; lastKnownFileType = sourcecode.c.h; path = NetworkService.h; sourceTree = "<group>"; };
		154F51992566921600FC1F33 /* NetworkService.m */ = {isa = PBXFileReference; lastKnownFileType = sourcecode.c.objc; path = NetworkService.m; sourceTree = "<group>"; };
		154F519B256692CE00FC1F33 /* PhotoService.h */ = {isa = PBXFileReference; lastKnownFileType = sourcecode.c.h; path = PhotoService.h; sourceTree = "<group>"; };
		154F519C256692D900FC1F33 /* PhotoService.m */ = {isa = PBXFileReference; lastKnownFileType = sourcecode.c.objc; path = PhotoService.m; sourceTree = "<group>"; };
		154F519E2566936300FC1F33 /* NewsListController.h */ = {isa = PBXFileReference; lastKnownFileType = sourcecode.c.h; path = NewsListController.h; sourceTree = "<group>"; };
		154F519F2566936F00FC1F33 /* NewsListController.m */ = {isa = PBXFileReference; lastKnownFileType = sourcecode.c.objc; path = NewsListController.m; sourceTree = "<group>"; };
		154F51A1256693D200FC1F33 /* NewsListTableCell.h */ = {isa = PBXFileReference; lastKnownFileType = sourcecode.c.h; path = NewsListTableCell.h; sourceTree = "<group>"; };
		154F51A2256693E000FC1F33 /* NewsListTableCell.m */ = {isa = PBXFileReference; lastKnownFileType = sourcecode.c.objc; path = NewsListTableCell.m; sourceTree = "<group>"; };
		154F51A42566943800FC1F33 /* NewsView.h */ = {isa = PBXFileReference; lastKnownFileType = sourcecode.c.h; path = NewsView.h; sourceTree = "<group>"; };
		154F51A52566944200FC1F33 /* NewsView.m */ = {isa = PBXFileReference; lastKnownFileType = sourcecode.c.objc; path = NewsView.m; sourceTree = "<group>"; };
		154F51A72566953A00FC1F33 /* NewsDetailController.h */ = {isa = PBXFileReference; lastKnownFileType = sourcecode.c.h; path = NewsDetailController.h; sourceTree = "<group>"; };
		154F51A82566954D00FC1F33 /* NewsDetailController.m */ = {isa = PBXFileReference; lastKnownFileType = sourcecode.c.objc; path = NewsDetailController.m; sourceTree = "<group>"; };
		154F51AA256695CE00FC1F33 /* News.h */ = {isa = PBXFileReference; lastKnownFileType = sourcecode.c.h; path = News.h; sourceTree = "<group>"; };
		154F51AC256695E200FC1F33 /* News.m */ = {isa = PBXFileReference; lastKnownFileType = sourcecode.c.objc; path = News.m; sourceTree = "<group>"; };
		154F51AE2566962F00FC1F33 /* NewsDetailView.h */ = {isa = PBXFileReference; lastKnownFileType = sourcecode.c.h; path = NewsDetailView.h; sourceTree = "<group>"; };
		154F51AF2566963B00FC1F33 /* NewsDetailView.m */ = {isa = PBXFileReference; lastKnownFileType = sourcecode.c.objc; path = NewsDetailView.m; sourceTree = "<group>"; };
		15639D2D256FC4BB009D5193 /* CollectionViewController.h */ = {isa = PBXFileReference; lastKnownFileType = sourcecode.c.h; path = CollectionViewController.h; sourceTree = "<group>"; };
		15639D2E256FC4C9009D5193 /* CollectionViewController.m */ = {isa = PBXFileReference; lastKnownFileType = sourcecode.c.objc; path = CollectionViewController.m; sourceTree = "<group>"; };
		15639D30256FC51E009D5193 /* CollectionViewCell.h */ = {isa = PBXFileReference; lastKnownFileType = sourcecode.c.h; path = CollectionViewCell.h; sourceTree = "<group>"; };
		15639D31256FC52A009D5193 /* CollectionViewCell.m */ = {isa = PBXFileReference; lastKnownFileType = sourcecode.c.objc; path = CollectionViewCell.m; sourceTree = "<group>"; };
		15639D33256FC613009D5193 /* SearchResultControllerTableViewController.h */ = {isa = PBXFileReference; lastKnownFileType = sourcecode.c.h; path = SearchResultControllerTableViewController.h; sourceTree = "<group>"; };
		15639D34256FC61E009D5193 /* SearchResultControllerTableViewController.m */ = {isa = PBXFileReference; lastKnownFileType = sourcecode.c.objc; path = SearchResultControllerTableViewController.m; sourceTree = "<group>"; };
		1583D661257508B50090D332 /* Favorites.xcdatamodel */ = {isa = PBXFileReference; lastKnownFileType = wrapper.xcdatamodel; path = Favorites.xcdatamodel; sourceTree = "<group>"; };
		1583D664257509E50090D332 /* CoreDataStack.h */ = {isa = PBXFileReference; lastKnownFileType = sourcecode.c.h; path = CoreDataStack.h; sourceTree = "<group>"; };
		1583D665257509F10090D332 /* CoreDataStack.m */ = {isa = PBXFileReference; lastKnownFileType = sourcecode.c.objc; path = CoreDataStack.m; sourceTree = "<group>"; };
		1583D66725750BE10090D332 /* FavoriteNews+CoreDataProperties.h */ = {isa = PBXFileReference; lastKnownFileType = sourcecode.c.h; path = "FavoriteNews+CoreDataProperties.h"; sourceTree = "<group>"; };
		1583D66825750C050090D332 /* FavoriteNews+CoreDataProperties.m */ = {isa = PBXFileReference; lastKnownFileType = sourcecode.c.objc; path = "FavoriteNews+CoreDataProperties.m"; sourceTree = "<group>"; };
		1583D66A25750C3D0090D332 /* FavoriteNews+CoreDataClass.h */ = {isa = PBXFileReference; lastKnownFileType = sourcecode.c.h; path = "FavoriteNews+CoreDataClass.h"; sourceTree = "<group>"; };
		1583D66B25750C4C0090D332 /* FavoriteNews+CoreDataClass.m */ = {isa = PBXFileReference; lastKnownFileType = sourcecode.c.objc; path = "FavoriteNews+CoreDataClass.m"; sourceTree = "<group>"; };
		1585053E255D489D0041B7D3 /* airports.json */ = {isa = PBXFileReference; fileEncoding = 4; lastKnownFileType = text.json; path = airports.json; sourceTree = "<group>"; };
		15850540255D48A50041B7D3 /* cities.json */ = {isa = PBXFileReference; fileEncoding = 4; lastKnownFileType = text.json; path = cities.json; sourceTree = "<group>"; };
		15850542255D48AC0041B7D3 /* countries.json */ = {isa = PBXFileReference; fileEncoding = 4; lastKnownFileType = text.json; path = countries.json; sourceTree = "<group>"; };
		15850544255D48D90041B7D3 /* DataManager.h */ = {isa = PBXFileReference; lastKnownFileType = sourcecode.c.h; path = DataManager.h; sourceTree = "<group>"; };
		15850545255D48FB0041B7D3 /* DataManager.m */ = {isa = PBXFileReference; lastKnownFileType = sourcecode.c.objc; path = DataManager.m; sourceTree = "<group>"; };
		15850548255D49570041B7D3 /* AirportListView.h */ = {isa = PBXFileReference; lastKnownFileType = sourcecode.c.h; path = AirportListView.h; sourceTree = "<group>"; };
		15850549255D49720041B7D3 /* AirportListView.m */ = {isa = PBXFileReference; lastKnownFileType = sourcecode.c.objc; path = AirportListView.m; sourceTree = "<group>"; };
		1585054B255D49AE0041B7D3 /* AirportCell.h */ = {isa = PBXFileReference; lastKnownFileType = sourcecode.c.h; path = AirportCell.h; sourceTree = "<group>"; };
		1585054C255D49C80041B7D3 /* AirportCell.m */ = {isa = PBXFileReference; lastKnownFileType = sourcecode.c.objc; path = AirportCell.m; sourceTree = "<group>"; };
		1585054F255D4A1C0041B7D3 /* AirportListController.h */ = {isa = PBXFileReference; lastKnownFileType = sourcecode.c.h; path = AirportListController.h; sourceTree = "<group>"; };
		15850550255D4A3A0041B7D3 /* AirportListController.m */ = {isa = PBXFileReference; lastKnownFileType = sourcecode.c.objc; path = AirportListController.m; sourceTree = "<group>"; };
		15850554255D4AC20041B7D3 /* CityListView.h */ = {isa = PBXFileReference; lastKnownFileType = sourcecode.c.h; path = CityListView.h; sourceTree = "<group>"; };
		15850555255D4ADF0041B7D3 /* CityListView.m */ = {isa = PBXFileReference; lastKnownFileType = sourcecode.c.objc; path = CityListView.m; sourceTree = "<group>"; };
		15850557255D4B1E0041B7D3 /* CityListCell.h */ = {isa = PBXFileReference; lastKnownFileType = sourcecode.c.h; path = CityListCell.h; sourceTree = "<group>"; };
		15850558255D4B390041B7D3 /* CityListCell.m */ = {isa = PBXFileReference; lastKnownFileType = sourcecode.c.objc; path = CityListCell.m; sourceTree = "<group>"; };
		1585055B255D4B7B0041B7D3 /* CityListController.h */ = {isa = PBXFileReference; lastKnownFileType = sourcecode.c.h; path = CityListController.h; sourceTree = "<group>"; };
		1585055C255D4B940041B7D3 /* CityListController.m */ = {isa = PBXFileReference; lastKnownFileType = sourcecode.c.objc; path = CityListController.m; sourceTree = "<group>"; };
		15850560255D4CCA0041B7D3 /* CountryListView.h */ = {isa = PBXFileReference; lastKnownFileType = sourcecode.c.h; path = CountryListView.h; sourceTree = "<group>"; };
		15850561255D4CE20041B7D3 /* CountryListView.m */ = {isa = PBXFileReference; lastKnownFileType = sourcecode.c.objc; path = CountryListView.m; sourceTree = "<group>"; };
		15850563255D4D1E0041B7D3 /* CountryListViewCell.h */ = {isa = PBXFileReference; lastKnownFileType = sourcecode.c.h; path = CountryListViewCell.h; sourceTree = "<group>"; };
		15850564255D4D360041B7D3 /* CountryListViewCell.m */ = {isa = PBXFileReference; lastKnownFileType = sourcecode.c.objc; path = CountryListViewCell.m; sourceTree = "<group>"; };
		15850567255D4D880041B7D3 /* CountryListController.h */ = {isa = PBXFileReference; lastKnownFileType = sourcecode.c.h; path = CountryListController.h; sourceTree = "<group>"; };
		15850568255D4D9F0041B7D3 /* CountryListController.m */ = {isa = PBXFileReference; lastKnownFileType = sourcecode.c.objc; path = CountryListController.m; sourceTree = "<group>"; };
		158D003E255D4460003264ED /* Aviogb.app */ = {isa = PBXFileReference; explicitFileType = wrapper.application; includeInIndex = 0; path = Aviogb.app; sourceTree = BUILT_PRODUCTS_DIR; };
		158D0041255D4461003264ED /* AppDelegate.h */ = {isa = PBXFileReference; lastKnownFileType = sourcecode.c.h; path = AppDelegate.h; sourceTree = "<group>"; };
		158D0042255D4461003264ED /* AppDelegate.m */ = {isa = PBXFileReference; lastKnownFileType = sourcecode.c.objc; path = AppDelegate.m; sourceTree = "<group>"; };
		158D0044255D4461003264ED /* SceneDelegate.h */ = {isa = PBXFileReference; lastKnownFileType = sourcecode.c.h; path = SceneDelegate.h; sourceTree = "<group>"; };
		158D0045255D4461003264ED /* SceneDelegate.m */ = {isa = PBXFileReference; lastKnownFileType = sourcecode.c.objc; path = SceneDelegate.m; sourceTree = "<group>"; };
		158D004D255D446B003264ED /* Assets.xcassets */ = {isa = PBXFileReference; lastKnownFileType = folder.assetcatalog; path = Assets.xcassets; sourceTree = "<group>"; };
		158D0050255D446B003264ED /* Base */ = {isa = PBXFileReference; lastKnownFileType = file.storyboard; name = Base; path = Base.lproj/LaunchScreen.storyboard; sourceTree = "<group>"; };
		158D0052255D446B003264ED /* Info.plist */ = {isa = PBXFileReference; lastKnownFileType = text.plist.xml; path = Info.plist; sourceTree = "<group>"; };
		158D0053255D446B003264ED /* main.m */ = {isa = PBXFileReference; lastKnownFileType = sourcecode.c.objc; path = main.m; sourceTree = "<group>"; };
		158D005B255D45A0003264ED /* Country.h */ = {isa = PBXFileReference; lastKnownFileType = sourcecode.c.h; path = Country.h; sourceTree = "<group>"; };
		158D005C255D45C3003264ED /* Country.m */ = {isa = PBXFileReference; lastKnownFileType = sourcecode.c.objc; path = Country.m; sourceTree = "<group>"; };
		158D005E255D45E2003264ED /* City.h */ = {isa = PBXFileReference; lastKnownFileType = sourcecode.c.h; path = City.h; sourceTree = "<group>"; };
		158D005F255D45FC003264ED /* City.m */ = {isa = PBXFileReference; lastKnownFileType = sourcecode.c.objc; path = City.m; sourceTree = "<group>"; };
		158D0061255D4626003264ED /* Airport.h */ = {isa = PBXFileReference; lastKnownFileType = sourcecode.c.h; path = Airport.h; sourceTree = "<group>"; };
		158D0062255D4641003264ED /* Airport.m */ = {isa = PBXFileReference; lastKnownFileType = sourcecode.c.objc; path = Airport.m; sourceTree = "<group>"; };
/* End PBXFileReference section */

/* Begin PBXFrameworksBuildPhase section */
		158D003B255D4460003264ED /* Frameworks */ = {
			isa = PBXFrameworksBuildPhase;
			buildActionMask = 2147483647;
			files = (
			);
			runOnlyForDeploymentPostprocessing = 0;
		};
/* End PBXFrameworksBuildPhase section */

/* Begin PBXGroup section */
		1509AF1F2578FA1C00E9ED40 /* Notification */ = {
			isa = PBXGroup;
			children = (
				1509AF202578FA4500E9ED40 /* NotificationCenter.h */,
				1509AF222578FA5700E9ED40 /* NotificationCenter.m */,
			);
			path = Notification;
			sourceTree = "<group>";
		};
		152A339B256BC73D0047103D /* Map */ = {
			isa = PBXGroup;
			children = (
				152A339C256BC75A0047103D /* MapController.h */,
				152A339D256BC7880047103D /* MapController.m */,
				152A339F256BC7C20047103D /* MapView.h */,
				152A33A0256BC7CC0047103D /* MapView.m */,
			);
			path = Map;
			sourceTree = "<group>";
		};
		154F51942566912F00FC1F33 /* News */ = {
			isa = PBXGroup;
			children = (
				154F51972566916100FC1F33 /* NewsData.h */,
				154F51952566914800FC1F33 /* NewsData.m */,
				154F51982566920B00FC1F33 /* NetworkService.h */,
				154F51992566921600FC1F33 /* NetworkService.m */,
				154F519B256692CE00FC1F33 /* PhotoService.h */,
				154F519C256692D900FC1F33 /* PhotoService.m */,
				154F519E2566936300FC1F33 /* NewsListController.h */,
				154F519F2566936F00FC1F33 /* NewsListController.m */,
				154F51A1256693D200FC1F33 /* NewsListTableCell.h */,
				154F51A2256693E000FC1F33 /* NewsListTableCell.m */,
				154F51A42566943800FC1F33 /* NewsView.h */,
				154F51A52566944200FC1F33 /* NewsView.m */,
				154F51A72566953A00FC1F33 /* NewsDetailController.h */,
				154F51A82566954D00FC1F33 /* NewsDetailController.m */,
				154F51AA256695CE00FC1F33 /* News.h */,
				154F51AC256695E200FC1F33 /* News.m */,
				154F51AE2566962F00FC1F33 /* NewsDetailView.h */,
				154F51AF2566963B00FC1F33 /* NewsDetailView.m */,
				1583D66725750BE10090D332 /* FavoriteNews+CoreDataProperties.h */,
				1583D66825750C050090D332 /* FavoriteNews+CoreDataProperties.m */,
				1583D66A25750C3D0090D332 /* FavoriteNews+CoreDataClass.h */,
				1583D66B25750C4C0090D332 /* FavoriteNews+CoreDataClass.m */,
			);
			path = News;
			sourceTree = "<group>";
		};
		15639D2C256FC476009D5193 /* CollectionView */ = {
			isa = PBXGroup;
			children = (
				15639D2D256FC4BB009D5193 /* CollectionViewController.h */,
				15639D2E256FC4C9009D5193 /* CollectionViewController.m */,
				15639D30256FC51E009D5193 /* CollectionViewCell.h */,
				15639D31256FC52A009D5193 /* CollectionViewCell.m */,
				15639D33256FC613009D5193 /* SearchResultControllerTableViewController.h */,
				15639D34256FC61E009D5193 /* SearchResultControllerTableViewController.m */,
			);
			path = CollectionView;
			sourceTree = "<group>";
		};
		1583D663257509BE0090D332 /* CoreData */ = {
			isa = PBXGroup;
			children = (
				1583D664257509E50090D332 /* CoreDataStack.h */,
				1583D665257509F10090D332 /* CoreDataStack.m */,
			);
			path = CoreData;
			sourceTree = "<group>";
		};
		15850547255D493C0041B7D3 /* View */ = {
			isa = PBXGroup;
			children = (
				15850548255D49570041B7D3 /* AirportListView.h */,
				15850549255D49720041B7D3 /* AirportListView.m */,
				1585054B255D49AE0041B7D3 /* AirportCell.h */,
				1585054C255D49C80041B7D3 /* AirportCell.m */,
			);
			path = View;
			sourceTree = "<group>";
		};
		1585054E255D4A040041B7D3 /* Controller */ = {
			isa = PBXGroup;
			children = (
				1585054F255D4A1C0041B7D3 /* AirportListController.h */,
				15850550255D4A3A0041B7D3 /* AirportListController.m */,
			);
			path = Controller;
			sourceTree = "<group>";
		};
		15850552255D4A7D0041B7D3 /* Cities */ = {
			isa = PBXGroup;
			children = (
				15850553255D4AAF0041B7D3 /* View */,
			);
			path = Cities;
			sourceTree = "<group>";
		};
		15850553255D4AAF0041B7D3 /* View */ = {
			isa = PBXGroup;
			children = (
				15850554255D4AC20041B7D3 /* CityListView.h */,
				15850555255D4ADF0041B7D3 /* CityListView.m */,
				15850557255D4B1E0041B7D3 /* CityListCell.h */,
				15850558255D4B390041B7D3 /* CityListCell.m */,
				1585055A255D4B600041B7D3 /* Controller */,
			);
			path = View;
			sourceTree = "<group>";
		};
		1585055A255D4B600041B7D3 /* Controller */ = {
			isa = PBXGroup;
			children = (
				1585055B255D4B7B0041B7D3 /* CityListController.h */,
				1585055C255D4B940041B7D3 /* CityListController.m */,
			);
			path = Controller;
			sourceTree = "<group>";
		};
		1585055E255D4BEC0041B7D3 /* Countries */ = {
			isa = PBXGroup;
			children = (
				1585055F255D4CB80041B7D3 /* View */,
				15850566255D4D5A0041B7D3 /* Controller */,
			);
			path = Countries;
			sourceTree = "<group>";
		};
		1585055F255D4CB80041B7D3 /* View */ = {
			isa = PBXGroup;
			children = (
				15850560255D4CCA0041B7D3 /* CountryListView.h */,
				15850561255D4CE20041B7D3 /* CountryListView.m */,
				15850563255D4D1E0041B7D3 /* CountryListViewCell.h */,
				15850564255D4D360041B7D3 /* CountryListViewCell.m */,
			);
			path = View;
			sourceTree = "<group>";
		};
		15850566255D4D5A0041B7D3 /* Controller */ = {
			isa = PBXGroup;
			children = (
				15850567255D4D880041B7D3 /* CountryListController.h */,
				15850568255D4D9F0041B7D3 /* CountryListController.m */,
			);
			path = Controller;
			sourceTree = "<group>";
		};
		158D0035255D4460003264ED = {
			isa = PBXGroup;
			children = (
				158D0040255D4460003264ED /* Aviogb */,
				158D003F255D4460003264ED /* Products */,
			);
			sourceTree = "<group>";
		};
		158D003F255D4460003264ED /* Products */ = {
			isa = PBXGroup;
			children = (
				158D003E255D4460003264ED /* Aviogb.app */,
			);
			name = Products;
			sourceTree = "<group>";
		};
		158D0040255D4460003264ED /* Aviogb */ = {
			isa = PBXGroup;
			children = (
				1509AF1F2578FA1C00E9ED40 /* Notification */,
				1583D663257509BE0090D332 /* CoreData */,
				15639D2C256FC476009D5193 /* CollectionView */,
				152A339B256BC73D0047103D /* Map */,
				154F51942566912F00FC1F33 /* News */,
				158D005A255D457D003264ED /* Data */,
				158D0064255D4689003264ED /* JSONs */,
				15850547255D493C0041B7D3 /* View */,
				1585054E255D4A040041B7D3 /* Controller */,
				15850552255D4A7D0041B7D3 /* Cities */,
				1585055E255D4BEC0041B7D3 /* Countries */,
				158D0041255D4461003264ED /* AppDelegate.h */,
				158D0042255D4461003264ED /* AppDelegate.m */,
				158D0044255D4461003264ED /* SceneDelegate.h */,
				158D0045255D4461003264ED /* SceneDelegate.m */,
				158D004D255D446B003264ED /* Assets.xcassets */,
				158D004F255D446B003264ED /* LaunchScreen.storyboard */,
				158D0052255D446B003264ED /* Info.plist */,
				158D0053255D446B003264ED /* main.m */,
				1583D660257508B50090D332 /* Favorites.xcdatamodeld */,
			);
			path = Aviogb;
			sourceTree = "<group>";
		};
		158D005A255D457D003264ED /* Data */ = {
			isa = PBXGroup;
			children = (
				158D005B255D45A0003264ED /* Country.h */,
				158D005C255D45C3003264ED /* Country.m */,
				158D005E255D45E2003264ED /* City.h */,
				158D005F255D45FC003264ED /* City.m */,
				158D0061255D4626003264ED /* Airport.h */,
				158D0062255D4641003264ED /* Airport.m */,
				15850544255D48D90041B7D3 /* DataManager.h */,
				15850545255D48FB0041B7D3 /* DataManager.m */,
			);
			path = Data;
			sourceTree = "<group>";
		};
		158D0064255D4689003264ED /* JSONs */ = {
			isa = PBXGroup;
			children = (
				15850542255D48AC0041B7D3 /* countries.json */,
				1585053E255D489D0041B7D3 /* airports.json */,
				15850540255D48A50041B7D3 /* cities.json */,
			);
			path = JSONs;
			sourceTree = "<group>";
		};
/* End PBXGroup section */

/* Begin PBXNativeTarget section */
		158D003D255D4460003264ED /* Aviogb */ = {
			isa = PBXNativeTarget;
			buildConfigurationList = 158D0057255D446C003264ED /* Build configuration list for PBXNativeTarget "Aviogb" */;
			buildPhases = (
				158D003A255D4460003264ED /* Sources */,
				158D003B255D4460003264ED /* Frameworks */,
				158D003C255D4460003264ED /* Resources */,
			);
			buildRules = (
			);
			dependencies = (
			);
			name = Aviogb;
			productName = Aviogb;
			productReference = 158D003E255D4460003264ED /* Aviogb.app */;
			productType = "com.apple.product-type.application";
		};
/* End PBXNativeTarget section */

/* Begin PBXProject section */
		158D0036255D4460003264ED /* Project object */ = {
			isa = PBXProject;
			attributes = {
				LastUpgradeCheck = 1170;
				ORGANIZATIONNAME = "Alexey Malkov";
				TargetAttributes = {
					158D003D255D4460003264ED = {
						CreatedOnToolsVersion = 11.7;
					};
				};
			};
			buildConfigurationList = 158D0039255D4460003264ED /* Build configuration list for PBXProject "Aviogb" */;
			compatibilityVersion = "Xcode 9.3";
			developmentRegion = en;
			hasScannedForEncodings = 0;
			knownRegions = (
				en,
				Base,
			);
			mainGroup = 158D0035255D4460003264ED;
			productRefGroup = 158D003F255D4460003264ED /* Products */;
			projectDirPath = "";
			projectRoot = "";
			targets = (
				158D003D255D4460003264ED /* Aviogb */,
			);
		};
/* End PBXProject section */

/* Begin PBXResourcesBuildPhase section */
		158D003C255D4460003264ED /* Resources */ = {
			isa = PBXResourcesBuildPhase;
			buildActionMask = 2147483647;
			files = (
				15850543255D48AC0041B7D3 /* countries.json in Resources */,
				158D0051255D446B003264ED /* LaunchScreen.storyboard in Resources */,
				15850541255D48A50041B7D3 /* cities.json in Resources */,
				1585053F255D489D0041B7D3 /* airports.json in Resources */,
				158D004E255D446B003264ED /* Assets.xcassets in Resources */,
			);
			runOnlyForDeploymentPostprocessing = 0;
		};
/* End PBXResourcesBuildPhase section */

/* Begin PBXSourcesBuildPhase section */
		158D003A255D4460003264ED /* Sources */ = {
			isa = PBXSourcesBuildPhase;
			buildActionMask = 2147483647;
			files = (
				1585054A255D49720041B7D3 /* AirportListView.m in Sources */,
				154F519D256692D900FC1F33 /* PhotoService.m in Sources */,
				15850569255D4D9F0041B7D3 /* CountryListController.m in Sources */,
				1583D666257509F10090D332 /* CoreDataStack.m in Sources */,
				158D0043255D4461003264ED /* AppDelegate.m in Sources */,
				1585054D255D49C80041B7D3 /* AirportCell.m in Sources */,
				158D0063255D4641003264ED /* Airport.m in Sources */,
				15850562255D4CE20041B7D3 /* CountryListView.m in Sources */,
				1583D66C25750C4C0090D332 /* FavoriteNews+CoreDataClass.m in Sources */,
				154F51A62566944200FC1F33 /* NewsView.m in Sources */,
				15639D32256FC52A009D5193 /* CollectionViewCell.m in Sources */,
				1509AF232578FA5700E9ED40 /* NotificationCenter.m in Sources */,
				15639D2F256FC4C9009D5193 /* CollectionViewController.m in Sources */,
				158D0060255D45FC003264ED /* City.m in Sources */,
				154F51B02566963B00FC1F33 /* NewsDetailView.m in Sources */,
				154F51A02566936F00FC1F33 /* NewsListController.m in Sources */,
				154F51A92566954D00FC1F33 /* NewsDetailController.m in Sources */,
				158D0054255D446B003264ED /* main.m in Sources */,
				15850546255D48FB0041B7D3 /* DataManager.m in Sources */,
				15850559255D4B390041B7D3 /* CityListCell.m in Sources */,
				154F51AD256695E200FC1F33 /* News.m in Sources */,
				1583D662257508B50090D332 /* Favorites.xcdatamodeld in Sources */,
				152A33A1256BC7CC0047103D /* MapView.m in Sources */,
				1583D66925750C050090D332 /* FavoriteNews+CoreDataProperties.m in Sources */,
				158D0046255D4461003264ED /* SceneDelegate.m in Sources */,
				15850565255D4D360041B7D3 /* CountryListViewCell.m in Sources */,
				152A339E256BC7880047103D /* MapController.m in Sources */,
				154F51A3256693E000FC1F33 /* NewsListTableCell.m in Sources */,
				1585055D255D4B940041B7D3 /* CityListController.m in Sources */,
				154F51962566914800FC1F33 /* NewsData.m in Sources */,
				15850556255D4ADF0041B7D3 /* CityListView.m in Sources */,
				15850551255D4A3A0041B7D3 /* AirportListController.m in Sources */,
				154F519A2566921600FC1F33 /* NetworkService.m in Sources */,
				15639D35256FC61E009D5193 /* SearchResultControllerTableViewController.m in Sources */,
				158D005D255D45C3003264ED /* Country.m in Sources */,
			);
			runOnlyForDeploymentPostprocessing = 0;
		};
/* End PBXSourcesBuildPhase section */

/* Begin PBXVariantGroup section */
		158D004F255D446B003264ED /* LaunchScreen.storyboard */ = {
			isa = PBXVariantGroup;
			children = (
				158D0050255D446B003264ED /* Base */,
			);
			name = LaunchScreen.storyboard;
			sourceTree = "<group>";
		};
/* End PBXVariantGroup section */

/* Begin XCBuildConfiguration section */
		158D0055255D446B003264ED /* Debug */ = {
			isa = XCBuildConfiguration;
			buildSettings = {
				ALWAYS_SEARCH_USER_PATHS = NO;
				CLANG_ANALYZER_NONNULL = YES;
				CLANG_ANALYZER_NUMBER_OBJECT_CONVERSION = YES_AGGRESSIVE;
				CLANG_CXX_LANGUAGE_STANDARD = "gnu++14";
				CLANG_CXX_LIBRARY = "libc++";
				CLANG_ENABLE_MODULES = YES;
				CLANG_ENABLE_OBJC_ARC = YES;
				CLANG_ENABLE_OBJC_WEAK = YES;
				CLANG_WARN_BLOCK_CAPTURE_AUTORELEASING = YES;
				CLANG_WARN_BOOL_CONVERSION = YES;
				CLANG_WARN_COMMA = YES;
				CLANG_WARN_CONSTANT_CONVERSION = YES;
				CLANG_WARN_DEPRECATED_OBJC_IMPLEMENTATIONS = YES;
				CLANG_WARN_DIRECT_OBJC_ISA_USAGE = YES_ERROR;
				CLANG_WARN_DOCUMENTATION_COMMENTS = YES;
				CLANG_WARN_EMPTY_BODY = YES;
				CLANG_WARN_ENUM_CONVERSION = YES;
				CLANG_WARN_INFINITE_RECURSION = YES;
				CLANG_WARN_INT_CONVERSION = YES;
				CLANG_WARN_NON_LITERAL_NULL_CONVERSION = YES;
				CLANG_WARN_OBJC_IMPLICIT_RETAIN_SELF = YES;
				CLANG_WARN_OBJC_LITERAL_CONVERSION = YES;
				CLANG_WARN_OBJC_ROOT_CLASS = YES_ERROR;
				CLANG_WARN_RANGE_LOOP_ANALYSIS = YES;
				CLANG_WARN_STRICT_PROTOTYPES = YES;
				CLANG_WARN_SUSPICIOUS_MOVE = YES;
				CLANG_WARN_UNGUARDED_AVAILABILITY = YES_AGGRESSIVE;
				CLANG_WARN_UNREACHABLE_CODE = YES;
				CLANG_WARN__DUPLICATE_METHOD_MATCH = YES;
				COPY_PHASE_STRIP = NO;
				DEBUG_INFORMATION_FORMAT = dwarf;
				ENABLE_STRICT_OBJC_MSGSEND = YES;
				ENABLE_TESTABILITY = YES;
				GCC_C_LANGUAGE_STANDARD = gnu11;
				GCC_DYNAMIC_NO_PIC = NO;
				GCC_NO_COMMON_BLOCKS = YES;
				GCC_OPTIMIZATION_LEVEL = 0;
				GCC_PREPROCESSOR_DEFINITIONS = (
					"DEBUG=1",
					"$(inherited)",
				);
				GCC_WARN_64_TO_32_BIT_CONVERSION = YES;
				GCC_WARN_ABOUT_RETURN_TYPE = YES_ERROR;
				GCC_WARN_UNDECLARED_SELECTOR = YES;
				GCC_WARN_UNINITIALIZED_AUTOS = YES_AGGRESSIVE;
				GCC_WARN_UNUSED_FUNCTION = YES;
				GCC_WARN_UNUSED_VARIABLE = YES;
				IPHONEOS_DEPLOYMENT_TARGET = 13.7;
				MTL_ENABLE_DEBUG_INFO = INCLUDE_SOURCE;
				MTL_FAST_MATH = YES;
				ONLY_ACTIVE_ARCH = YES;
				SDKROOT = iphoneos;
			};
			name = Debug;
		};
		158D0056255D446B003264ED /* Release */ = {
			isa = XCBuildConfiguration;
			buildSettings = {
				ALWAYS_SEARCH_USER_PATHS = NO;
				CLANG_ANALYZER_NONNULL = YES;
				CLANG_ANALYZER_NUMBER_OBJECT_CONVERSION = YES_AGGRESSIVE;
				CLANG_CXX_LANGUAGE_STANDARD = "gnu++14";
				CLANG_CXX_LIBRARY = "libc++";
				CLANG_ENABLE_MODULES = YES;
				CLANG_ENABLE_OBJC_ARC = YES;
				CLANG_ENABLE_OBJC_WEAK = YES;
				CLANG_WARN_BLOCK_CAPTURE_AUTORELEASING = YES;
				CLANG_WARN_BOOL_CONVERSION = YES;
				CLANG_WARN_COMMA = YES;
				CLANG_WARN_CONSTANT_CONVERSION = YES;
				CLANG_WARN_DEPRECATED_OBJC_IMPLEMENTATIONS = YES;
				CLANG_WARN_DIRECT_OBJC_ISA_USAGE = YES_ERROR;
				CLANG_WARN_DOCUMENTATION_COMMENTS = YES;
				CLANG_WARN_EMPTY_BODY = YES;
				CLANG_WARN_ENUM_CONVERSION = YES;
				CLANG_WARN_INFINITE_RECURSION = YES;
				CLANG_WARN_INT_CONVERSION = YES;
				CLANG_WARN_NON_LITERAL_NULL_CONVERSION = YES;
				CLANG_WARN_OBJC_IMPLICIT_RETAIN_SELF = YES;
				CLANG_WARN_OBJC_LITERAL_CONVERSION = YES;
				CLANG_WARN_OBJC_ROOT_CLASS = YES_ERROR;
				CLANG_WARN_RANGE_LOOP_ANALYSIS = YES;
				CLANG_WARN_STRICT_PROTOTYPES = YES;
				CLANG_WARN_SUSPICIOUS_MOVE = YES;
				CLANG_WARN_UNGUARDED_AVAILABILITY = YES_AGGRESSIVE;
				CLANG_WARN_UNREACHABLE_CODE = YES;
				CLANG_WARN__DUPLICATE_METHOD_MATCH = YES;
				COPY_PHASE_STRIP = NO;
				DEBUG_INFORMATION_FORMAT = "dwarf-with-dsym";
				ENABLE_NS_ASSERTIONS = NO;
				ENABLE_STRICT_OBJC_MSGSEND = YES;
				GCC_C_LANGUAGE_STANDARD = gnu11;
				GCC_NO_COMMON_BLOCKS = YES;
				GCC_WARN_64_TO_32_BIT_CONVERSION = YES;
				GCC_WARN_ABOUT_RETURN_TYPE = YES_ERROR;
				GCC_WARN_UNDECLARED_SELECTOR = YES;
				GCC_WARN_UNINITIALIZED_AUTOS = YES_AGGRESSIVE;
				GCC_WARN_UNUSED_FUNCTION = YES;
				GCC_WARN_UNUSED_VARIABLE = YES;
				IPHONEOS_DEPLOYMENT_TARGET = 13.7;
				MTL_ENABLE_DEBUG_INFO = NO;
				MTL_FAST_MATH = YES;
				SDKROOT = iphoneos;
				VALIDATE_PRODUCT = YES;
			};
			name = Release;
		};
		158D0058255D446C003264ED /* Debug */ = {
			isa = XCBuildConfiguration;
			buildSettings = {
				ASSETCATALOG_COMPILER_APPICON_NAME = AppIcon;
				CODE_SIGN_STYLE = Automatic;
				DEVELOPMENT_TEAM = KMFAG46DC2;
				INFOPLIST_FILE = Aviogb/Info.plist;
				LD_RUNPATH_SEARCH_PATHS = (
					"$(inherited)",
					"@executable_path/Frameworks",
				);
				PRODUCT_BUNDLE_IDENTIFIER = com.alexeymalkov.Aviogb;
				PRODUCT_NAME = "$(TARGET_NAME)";
				TARGETED_DEVICE_FAMILY = "1,2";
			};
			name = Debug;
		};
		158D0059255D446C003264ED /* Release */ = {
			isa = XCBuildConfiguration;
			buildSettings = {
				ASSETCATALOG_COMPILER_APPICON_NAME = AppIcon;
				CODE_SIGN_STYLE = Automatic;
				DEVELOPMENT_TEAM = KMFAG46DC2;
				INFOPLIST_FILE = Aviogb/Info.plist;
				LD_RUNPATH_SEARCH_PATHS = (
					"$(inherited)",
					"@executable_path/Frameworks",
				);
				PRODUCT_BUNDLE_IDENTIFIER = com.alexeymalkov.Aviogb;
				PRODUCT_NAME = "$(TARGET_NAME)";
				TARGETED_DEVICE_FAMILY = "1,2";
			};
			name = Release;
		};
/* End XCBuildConfiguration section */

/* Begin XCConfigurationList section */
		158D0039255D4460003264ED /* Build configuration list for PBXProject "Aviogb" */ = {
			isa = XCConfigurationList;
			buildConfigurations = (
				158D0055255D446B003264ED /* Debug */,
				158D0056255D446B003264ED /* Release */,
			);
			defaultConfigurationIsVisible = 0;
			defaultConfigurationName = Release;
		};
		158D0057255D446C003264ED /* Build configuration list for PBXNativeTarget "Aviogb" */ = {
			isa = XCConfigurationList;
			buildConfigurations = (
				158D0058255D446C003264ED /* Debug */,
				158D0059255D446C003264ED /* Release */,
			);
			defaultConfigurationIsVisible = 0;
			defaultConfigurationName = Release;
		};
/* End XCConfigurationList section */

/* Begin XCVersionGroup section */
		1583D660257508B50090D332 /* Favorites.xcdatamodeld */ = {
			isa = XCVersionGroup;
			children = (
				1583D661257508B50090D332 /* Favorites.xcdatamodel */,
			);
			currentVersion = 1583D661257508B50090D332 /* Favorites.xcdatamodel */;
			path = Favorites.xcdatamodeld;
			sourceTree = "<group>";
			versionGroupType = wrapper.xcdatamodel;
		};
/* End XCVersionGroup section */
	};
	rootObject = 158D0036255D4460003264ED /* Project object */;
}
